
Microsoft Visual Studio Solution File, Format Version 12.00
# Visual Studio Version 17
VisualStudioVersion = 17.4.33205.214
MinimumVisualStudioVersion = 10.0.40219.1
Project("{FAE04EC0-301F-11D3-BF4B-00C04F79EFBC}") = "BlazorApp1.Server", "BlazorApp1\Server\BlazorApp1.Server.csproj", "{3A2BEE5D-D89A-4D5B-A5C2-E12C6C6CEDA3}"
EndProject
Project("{FAE04EC0-301F-11D3-BF4B-00C04F79EFBC}") = "BlazorApp1.Client", "BlazorApp1\Client\BlazorApp1.Client.csproj", "{B4C18B04-3750-463F-9DF7-F7CB284D23BD}"
EndProject
Project("{FAE04EC0-301F-11D3-BF4B-00C04F79EFBC}") = "BlazorApp1.Shared", "BlazorApp1\Shared\BlazorApp1.Shared.csproj", "{4BEEE8B8-E34B-45B1-949F-9D4A7C621875}"
EndProject
Global
	GlobalSection(SolutionConfigurationPlatforms) = preSolution
		Debug|Any CPU = Debug|Any CPU
		Release|Any CPU = Release|Any CPU
	EndGlobalSection
	GlobalSection(ProjectConfigurationPlatforms) = postSolution
		{3A2BEE5D-D89A-4D5B-A5C2-E12C6C6CEDA3}.Debug|Any CPU.ActiveCfg = Debug|Any CPU
		{3A2BEE5D-D89A-4D5B-A5C2-E12C6C6CEDA3}.Debug|Any CPU.Build.0 = Debug|Any CPU
		{3A2BEE5D-D89A-4D5B-A5C2-E12C6C6CEDA3}.Release|Any CPU.ActiveCfg = Release|Any CPU
		{3A2BEE5D-D89A-4D5B-A5C2-E12C6C6CEDA3}.Release|Any CPU.Build.0 = Release|Any CPU
		{B4C18B04-3750-463F-9DF7-F7CB284D23BD}.Debug|Any CPU.ActiveCfg = Debug|Any CPU
		{B4C18B04-3750-463F-9DF7-F7CB284D23BD}.Debug|Any CPU.Build.0 = Debug|Any CPU
		{B4C18B04-3750-463F-9DF7-F7CB284D23BD}.Release|Any CPU.ActiveCfg = Release|Any CPU
		{B4C18B04-3750-463F-9DF7-F7CB284D23BD}.Release|Any CPU.Build.0 = Release|Any CPU
		{4BEEE8B8-E34B-45B1-949F-9D4A7C621875}.Debug|Any CPU.ActiveCfg = Debug|Any CPU
		{4BEEE8B8-E34B-45B1-949F-9D4A7C621875}.Debug|Any CPU.Build.0 = Debug|Any CPU
		{4BEEE8B8-E34B-45B1-949F-9D4A7C621875}.Release|Any CPU.ActiveCfg = Release|Any CPU
		{4BEEE8B8-E34B-45B1-949F-9D4A7C621875}.Release|Any CPU.Build.0 = Release|Any CPU
	EndGlobalSection
	GlobalSection(SolutionProperties) = preSolution
		HideSolutionNode = FALSE
	EndGlobalSection
	GlobalSection(ExtensibilityGlobals) = postSolution
		SolutionGuid = {8CA0BF87-3A28-4D67-9500-C525B20131F6}
	EndGlobalSection
EndGlobal
